{
  "name": "ai-workplace-learning-platform",
  "lockfileVersion": 3,
  "requires": true,
  "packages": {
    "": {
      "name": "ai-workplace-learning-platform",
      "workspaces": [
        "backend",
        "frontend",
        "worker",
        "shared"
      ]
    },
    "backend": {
      "version": "1.0.0"
    },
    "frontend": {
      "version": "1.0.0"
    },
    "node_modules/@ai-workplace-learning/shared": {
      "resolved": "shared",
      "link": true
    },
    "node_modules/backend": {
      "resolved": "backend",
      "link": true
    },
    "node_modules/frontend": {
      "resolved": "frontend",
      "link": true
    },
    "node_modules/worker": {
      "resolved": "worker",
      "link": true
    },
    "packages/shared": {
      "name": "@ai-workplace-learning/shared",
      "version": "1.0.0",
      "extraneous": true
    },
    "shared": {
      "name": "@ai-workplace-learning/shared",
      "version": "1.0.0"
    },
    "worker": {
      "version": "1.0.0"
    }
  }
}
